
Microsoft Visual Studio Solution File, Format Version 12.00
# Visual Studio 15
VisualStudioVersion = 15.0.28010.2046
MinimumVisualStudioVersion = 10.0.40219.1
Project("{FAE04EC0-301F-11D3-BF4B-00C04F79EFBC}") = "Target_Sum", "Target_Sum\Target_Sum.csproj", "{F3217ADD-AEE4-4C1A-A050-6200EAB2C374}"
EndProject
Global
	GlobalSection(SolutionConfigurationPlatforms) = preSolution
		Debug|Any CPU = Debug|Any CPU
		Release|Any CPU = Release|Any CPU
	EndGlobalSection
	GlobalSection(ProjectConfigurationPlatforms) = postSolution
		{F3217ADD-AEE4-4C1A-A050-6200EAB2C374}.Debug|Any CPU.ActiveCfg = Debug|Any CPU
		{F3217ADD-AEE4-4C1A-A050-6200EAB2C374}.Debug|Any CPU.Build.0 = Debug|Any CPU
		{F3217ADD-AEE4-4C1A-A050-6200EAB2C374}.Release|Any CPU.ActiveCfg = Release|Any CPU
		{F3217ADD-AEE4-4C1A-A050-6200EAB2C374}.Release|Any CPU.Build.0 = Release|Any CPU
	EndGlobalSection
	GlobalSection(SolutionProperties) = preSolution
		HideSolutionNode = FALSE
	EndGlobalSection
	GlobalSection(ExtensibilityGlobals) = postSolution
		SolutionGuid = {0F4658DA-917A-4FC5-9E1A-F0B9DEAE40E9}
	EndGlobalSection
EndGlobal
