
Microsoft Visual Studio Solution File, Format Version 12.00
# Visual Studio 15
VisualStudioVersion = 15.0.28010.2046
MinimumVisualStudioVersion = 10.0.40219.1
Project("{FAE04EC0-301F-11D3-BF4B-00C04F79EFBC}") = "Arrays_Lists_Drill", "Arrays_Lists_Drill\Arrays_Lists_Drill.csproj", "{76EFFC97-A679-4008-8A31-D320038BDB66}"
EndProject
Global
	GlobalSection(SolutionConfigurationPlatforms) = preSolution
		Debug|Any CPU = Debug|Any CPU
		Release|Any CPU = Release|Any CPU
	EndGlobalSection
	GlobalSection(ProjectConfigurationPlatforms) = postSolution
		{76EFFC97-A679-4008-8A31-D320038BDB66}.Debug|Any CPU.ActiveCfg = Debug|Any CPU
		{76EFFC97-A679-4008-8A31-D320038BDB66}.Debug|Any CPU.Build.0 = Debug|Any CPU
		{76EFFC97-A679-4008-8A31-D320038BDB66}.Release|Any CPU.ActiveCfg = Release|Any CPU
		{76EFFC97-A679-4008-8A31-D320038BDB66}.Release|Any CPU.Build.0 = Release|Any CPU
	EndGlobalSection
	GlobalSection(SolutionProperties) = preSolution
		HideSolutionNode = FALSE
	EndGlobalSection
	GlobalSection(ExtensibilityGlobals) = postSolution
		SolutionGuid = {AFE61251-60C4-401A-B63D-AABF6DB902DD}
	EndGlobalSection
EndGlobal
