
Microsoft Visual Studio Solution File, Format Version 12.00
# Visual Studio 15
VisualStudioVersion = 15.0.28010.2046
MinimumVisualStudioVersion = 10.0.40219.1
Project("{FAE04EC0-301F-11D3-BF4B-00C04F79EFBC}") = "Exception_Handling", "Exception_Handling\Exception_Handling.csproj", "{D0C9AEF4-9547-4C20-A441-68E80D69CE85}"
EndProject
Global
	GlobalSection(SolutionConfigurationPlatforms) = preSolution
		Debug|Any CPU = Debug|Any CPU
		Release|Any CPU = Release|Any CPU
	EndGlobalSection
	GlobalSection(ProjectConfigurationPlatforms) = postSolution
		{D0C9AEF4-9547-4C20-A441-68E80D69CE85}.Debug|Any CPU.ActiveCfg = Debug|Any CPU
		{D0C9AEF4-9547-4C20-A441-68E80D69CE85}.Debug|Any CPU.Build.0 = Debug|Any CPU
		{D0C9AEF4-9547-4C20-A441-68E80D69CE85}.Release|Any CPU.ActiveCfg = Release|Any CPU
		{D0C9AEF4-9547-4C20-A441-68E80D69CE85}.Release|Any CPU.Build.0 = Release|Any CPU
	EndGlobalSection
	GlobalSection(SolutionProperties) = preSolution
		HideSolutionNode = FALSE
	EndGlobalSection
	GlobalSection(ExtensibilityGlobals) = postSolution
		SolutionGuid = {419EA172-90FF-4E2B-8D4C-979BD1D0EAAC}
	EndGlobalSection
EndGlobal
