
Microsoft Visual Studio Solution File, Format Version 12.00
# Visual Studio 15
VisualStudioVersion = 15.0.28010.2046
MinimumVisualStudioVersion = 10.0.40219.1
Project("{FAE04EC0-301F-11D3-BF4B-00C04F79EFBC}") = "TechAcadStudentsMvc", "TechAcadStudentsMvc\TechAcadStudentsMvc.csproj", "{5918BFD3-6E4F-4693-894C-6D320216B7D6}"
EndProject
Global
	GlobalSection(SolutionConfigurationPlatforms) = preSolution
		Debug|Any CPU = Debug|Any CPU
		Release|Any CPU = Release|Any CPU
	EndGlobalSection
	GlobalSection(ProjectConfigurationPlatforms) = postSolution
		{5918BFD3-6E4F-4693-894C-6D320216B7D6}.Debug|Any CPU.ActiveCfg = Debug|Any CPU
		{5918BFD3-6E4F-4693-894C-6D320216B7D6}.Debug|Any CPU.Build.0 = Debug|Any CPU
		{5918BFD3-6E4F-4693-894C-6D320216B7D6}.Release|Any CPU.ActiveCfg = Release|Any CPU
		{5918BFD3-6E4F-4693-894C-6D320216B7D6}.Release|Any CPU.Build.0 = Release|Any CPU
	EndGlobalSection
	GlobalSection(SolutionProperties) = preSolution
		HideSolutionNode = FALSE
	EndGlobalSection
	GlobalSection(ExtensibilityGlobals) = postSolution
		SolutionGuid = {A1E2AB9E-44D1-4F8A-8B39-DD39432556AE}
	EndGlobalSection
EndGlobal
