
Microsoft Visual Studio Solution File, Format Version 12.00
# Visual Studio 15
VisualStudioVersion = 15.0.28010.2046
MinimumVisualStudioVersion = 10.0.40219.1
Project("{FAE04EC0-301F-11D3-BF4B-00C04F79EFBC}") = "Anonymous_Income_Comparison", "Anonymous_Income_Comparison\Anonymous_Income_Comparison.csproj", "{23D1B0F9-5C90-41FB-B3CC-41DCD62E0000}"
EndProject
Global
	GlobalSection(SolutionConfigurationPlatforms) = preSolution
		Debug|Any CPU = Debug|Any CPU
		Release|Any CPU = Release|Any CPU
	EndGlobalSection
	GlobalSection(ProjectConfigurationPlatforms) = postSolution
		{23D1B0F9-5C90-41FB-B3CC-41DCD62E0000}.Debug|Any CPU.ActiveCfg = Debug|Any CPU
		{23D1B0F9-5C90-41FB-B3CC-41DCD62E0000}.Debug|Any CPU.Build.0 = Debug|Any CPU
		{23D1B0F9-5C90-41FB-B3CC-41DCD62E0000}.Release|Any CPU.ActiveCfg = Release|Any CPU
		{23D1B0F9-5C90-41FB-B3CC-41DCD62E0000}.Release|Any CPU.Build.0 = Release|Any CPU
	EndGlobalSection
	GlobalSection(SolutionProperties) = preSolution
		HideSolutionNode = FALSE
	EndGlobalSection
	GlobalSection(ExtensibilityGlobals) = postSolution
		SolutionGuid = {D857138C-07B5-4805-9352-9F43DCD73F62}
	EndGlobalSection
EndGlobal
